
Microsoft Visual Studio Solution File, Format Version 12.00
# Visual Studio Version 16
VisualStudioVersion = 16.0.31129.286
MinimumVisualStudioVersion = 10.0.40219.1
Project("{2150E333-8FDC-42A3-9474-1A3956D46DE8}") = "src", "src", "{723544D9-D3E7-4C2C-AAB0-492F5C33A898}"
EndProject
Project("{2150E333-8FDC-42A3-9474-1A3956D46DE8}") = "Presentation", "Presentation", "{A4452BAC-FE55-44CD-8BDD-1F4CF085B7EB}"
EndProject
Project("{9A19103F-16F7-4668-BE54-9A1E7A4F7556}") = "Roulette.WebApi", "src\Presentation\Roulette.WebApi\Roulette.WebApi.csproj", "{0A2E4818-DB31-4C6E-B354-822B781061E8}"
EndProject
Project("{2150E333-8FDC-42A3-9474-1A3956D46DE8}") = "Core", "Core", "{0F0CCED1-7880-4510-BD23-D5D844A1858A}"
EndProject
Project("{FAE04EC0-301F-11D3-BF4B-00C04F79EFBC}") = "Roulette.Application", "src\Core\Roulette.Application\Roulette.Application.csproj", "{4A6948E8-4CB3-44D0-A339-595D98808941}"
EndProject
Global
	GlobalSection(SolutionConfigurationPlatforms) = preSolution
		Debug|Any CPU = Debug|Any CPU
		Release|Any CPU = Release|Any CPU
	EndGlobalSection
	GlobalSection(ProjectConfigurationPlatforms) = postSolution
		{0A2E4818-DB31-4C6E-B354-822B781061E8}.Debug|Any CPU.ActiveCfg = Debug|Any CPU
		{0A2E4818-DB31-4C6E-B354-822B781061E8}.Debug|Any CPU.Build.0 = Debug|Any CPU
		{0A2E4818-DB31-4C6E-B354-822B781061E8}.Release|Any CPU.ActiveCfg = Release|Any CPU
		{0A2E4818-DB31-4C6E-B354-822B781061E8}.Release|Any CPU.Build.0 = Release|Any CPU
		{4A6948E8-4CB3-44D0-A339-595D98808941}.Debug|Any CPU.ActiveCfg = Debug|Any CPU
		{4A6948E8-4CB3-44D0-A339-595D98808941}.Debug|Any CPU.Build.0 = Debug|Any CPU
		{4A6948E8-4CB3-44D0-A339-595D98808941}.Release|Any CPU.ActiveCfg = Release|Any CPU
		{4A6948E8-4CB3-44D0-A339-595D98808941}.Release|Any CPU.Build.0 = Release|Any CPU
	EndGlobalSection
	GlobalSection(SolutionProperties) = preSolution
		HideSolutionNode = FALSE
	EndGlobalSection
	GlobalSection(NestedProjects) = preSolution
		{A4452BAC-FE55-44CD-8BDD-1F4CF085B7EB} = {723544D9-D3E7-4C2C-AAB0-492F5C33A898}
		{0A2E4818-DB31-4C6E-B354-822B781061E8} = {A4452BAC-FE55-44CD-8BDD-1F4CF085B7EB}
		{0F0CCED1-7880-4510-BD23-D5D844A1858A} = {723544D9-D3E7-4C2C-AAB0-492F5C33A898}
		{4A6948E8-4CB3-44D0-A339-595D98808941} = {0F0CCED1-7880-4510-BD23-D5D844A1858A}
	EndGlobalSection
	GlobalSection(ExtensibilityGlobals) = postSolution
		SolutionGuid = {E042D573-D1F4-4FF7-A9B5-5693E8178626}
	EndGlobalSection
EndGlobal
