
Microsoft Visual Studio Solution File, Format Version 12.00
# Visual Studio Version 16
VisualStudioVersion = 16.0.31129.286
MinimumVisualStudioVersion = 10.0.40219.1
Project("{2150E333-8FDC-42A3-9474-1A3956D46DE8}") = "src", "src", "{723544D9-D3E7-4C2C-AAB0-492F5C33A898}"
EndProject
Project("{2150E333-8FDC-42A3-9474-1A3956D46DE8}") = "Presentation", "Presentation", "{A4452BAC-FE55-44CD-8BDD-1F4CF085B7EB}"
EndProject
Project("{2150E333-8FDC-42A3-9474-1A3956D46DE8}") = "Core", "Core", "{0F0CCED1-7880-4510-BD23-D5D844A1858A}"
EndProject
Project("{2150E333-8FDC-42A3-9474-1A3956D46DE8}") = "Infrastructure", "Infrastructure", "{F2A2EDAC-F148-438B-8724-E1B5E4AC985F}"
EndProject
Project("{9A19103F-16F7-4668-BE54-9A1E7A4F7556}") = "Application", "src\Core\Application\Application.csproj", "{6269FB15-F53A-42E9-90A6-AA4E7E70316B}"
EndProject
Project("{9A19103F-16F7-4668-BE54-9A1E7A4F7556}") = "Domain", "src\Core\Domain\Domain.csproj", "{D9C9E515-B470-4FAE-AB38-17D62D2EDDD3}"
EndProject
Project("{9A19103F-16F7-4668-BE54-9A1E7A4F7556}") = "Persistence", "src\Infrastructure\Persistence\Persistence.csproj", "{298051FA-01B2-49ED-ADFF-1AD386D26942}"
EndProject
Project("{9A19103F-16F7-4668-BE54-9A1E7A4F7556}") = "WebApi", "src\Presentation\WebApi\WebApi.csproj", "{29B86862-DB3E-46D4-B361-EAE462F4875C}"
EndProject
Project("{E53339B2-1760-4266-BCC7-CA923CBCF16C}") = "docker-compose", "docker-compose.dcproj", "{71EC4EB8-2DC4-4690-9E7E-897480CFFABC}"
EndProject
Global
	GlobalSection(SolutionConfigurationPlatforms) = preSolution
		Debug|Any CPU = Debug|Any CPU
		Release|Any CPU = Release|Any CPU
	EndGlobalSection
	GlobalSection(ProjectConfigurationPlatforms) = postSolution
		{6269FB15-F53A-42E9-90A6-AA4E7E70316B}.Debug|Any CPU.ActiveCfg = Debug|Any CPU
		{6269FB15-F53A-42E9-90A6-AA4E7E70316B}.Debug|Any CPU.Build.0 = Debug|Any CPU
		{6269FB15-F53A-42E9-90A6-AA4E7E70316B}.Release|Any CPU.ActiveCfg = Release|Any CPU
		{6269FB15-F53A-42E9-90A6-AA4E7E70316B}.Release|Any CPU.Build.0 = Release|Any CPU
		{D9C9E515-B470-4FAE-AB38-17D62D2EDDD3}.Debug|Any CPU.ActiveCfg = Debug|Any CPU
		{D9C9E515-B470-4FAE-AB38-17D62D2EDDD3}.Debug|Any CPU.Build.0 = Debug|Any CPU
		{D9C9E515-B470-4FAE-AB38-17D62D2EDDD3}.Release|Any CPU.ActiveCfg = Release|Any CPU
		{D9C9E515-B470-4FAE-AB38-17D62D2EDDD3}.Release|Any CPU.Build.0 = Release|Any CPU
		{298051FA-01B2-49ED-ADFF-1AD386D26942}.Debug|Any CPU.ActiveCfg = Debug|Any CPU
		{298051FA-01B2-49ED-ADFF-1AD386D26942}.Debug|Any CPU.Build.0 = Debug|Any CPU
		{298051FA-01B2-49ED-ADFF-1AD386D26942}.Release|Any CPU.ActiveCfg = Release|Any CPU
		{298051FA-01B2-49ED-ADFF-1AD386D26942}.Release|Any CPU.Build.0 = Release|Any CPU
		{29B86862-DB3E-46D4-B361-EAE462F4875C}.Debug|Any CPU.ActiveCfg = Debug|Any CPU
		{29B86862-DB3E-46D4-B361-EAE462F4875C}.Debug|Any CPU.Build.0 = Debug|Any CPU
		{29B86862-DB3E-46D4-B361-EAE462F4875C}.Release|Any CPU.ActiveCfg = Release|Any CPU
		{29B86862-DB3E-46D4-B361-EAE462F4875C}.Release|Any CPU.Build.0 = Release|Any CPU
		{71EC4EB8-2DC4-4690-9E7E-897480CFFABC}.Debug|Any CPU.ActiveCfg = Debug|Any CPU
		{71EC4EB8-2DC4-4690-9E7E-897480CFFABC}.Debug|Any CPU.Build.0 = Debug|Any CPU
		{71EC4EB8-2DC4-4690-9E7E-897480CFFABC}.Release|Any CPU.ActiveCfg = Release|Any CPU
		{71EC4EB8-2DC4-4690-9E7E-897480CFFABC}.Release|Any CPU.Build.0 = Release|Any CPU
	EndGlobalSection
	GlobalSection(SolutionProperties) = preSolution
		HideSolutionNode = FALSE
	EndGlobalSection
	GlobalSection(NestedProjects) = preSolution
		{A4452BAC-FE55-44CD-8BDD-1F4CF085B7EB} = {723544D9-D3E7-4C2C-AAB0-492F5C33A898}
		{0F0CCED1-7880-4510-BD23-D5D844A1858A} = {723544D9-D3E7-4C2C-AAB0-492F5C33A898}
		{F2A2EDAC-F148-438B-8724-E1B5E4AC985F} = {723544D9-D3E7-4C2C-AAB0-492F5C33A898}
		{6269FB15-F53A-42E9-90A6-AA4E7E70316B} = {0F0CCED1-7880-4510-BD23-D5D844A1858A}
		{D9C9E515-B470-4FAE-AB38-17D62D2EDDD3} = {0F0CCED1-7880-4510-BD23-D5D844A1858A}
		{298051FA-01B2-49ED-ADFF-1AD386D26942} = {F2A2EDAC-F148-438B-8724-E1B5E4AC985F}
		{29B86862-DB3E-46D4-B361-EAE462F4875C} = {A4452BAC-FE55-44CD-8BDD-1F4CF085B7EB}
	EndGlobalSection
	GlobalSection(ExtensibilityGlobals) = postSolution
		SolutionGuid = {E042D573-D1F4-4FF7-A9B5-5693E8178626}
	EndGlobalSection
EndGlobal
